
Microsoft Visual Studio Solution File, Format Version 12.00
# Visual Studio Version 16
VisualStudioVersion = 16.0.31321.278
MinimumVisualStudioVersion = 10.0.40219.1
Project("{FAE04EC0-301F-11D3-BF4B-00C04F79EFBC}") = "Task4", "Task4.csproj", "{A8A78ED3-C1A5-4CBC-96CC-1C5536A31185}"
EndProject
Global
	GlobalSection(SolutionConfigurationPlatforms) = preSolution
		Debug|Any CPU = Debug|Any CPU
		Release|Any CPU = Release|Any CPU
	EndGlobalSection
	GlobalSection(ProjectConfigurationPlatforms) = postSolution
		{A8A78ED3-C1A5-4CBC-96CC-1C5536A31185}.Debug|Any CPU.ActiveCfg = Debug|Any CPU
		{A8A78ED3-C1A5-4CBC-96CC-1C5536A31185}.Debug|Any CPU.Build.0 = Debug|Any CPU
		{A8A78ED3-C1A5-4CBC-96CC-1C5536A31185}.Release|Any CPU.ActiveCfg = Release|Any CPU
		{A8A78ED3-C1A5-4CBC-96CC-1C5536A31185}.Release|Any CPU.Build.0 = Release|Any CPU
	EndGlobalSection
	GlobalSection(SolutionProperties) = preSolution
		HideSolutionNode = FALSE
	EndGlobalSection
	GlobalSection(ExtensibilityGlobals) = postSolution
		SolutionGuid = {C559BF19-1B2D-46FB-9732-9AC895AC9A77}
	EndGlobalSection
EndGlobal
